{
  "nodes": {
    "nixpkgs": {
      "locked": {
        "lastModified": 1784356753,
        "narHash": "sha256-12KrbMiWLcf8m7pCvAtZh1ZrgF85ZXDXvfR/fWTKy84=",
        "owner": "NixOS",
        "repo": "nixpkgs",
        "rev": "61b7c44c4073f0b827768aff0049561b5110ea5a",
        "type": "github"
      },
      "original": {
        "owner": "NixOS",
        "ref": "nixos-unstable",
        "repo": "nixpkgs",
        "type": "github"
      }
    },
    "rawji-src": {
      "flake": false,
      "locked": {
        "lastModified": 1789916105,
        "narHash": "sha256-Mhg8wm31TOY7UjGDdeJ7e0V6xaJqRpHrZw2CR0J/J/w=",
        "owner": "pinpox",
        "repo": "rawji",
        "rev": "02cb559bb1555b3f77e4b246cad06c44cff56c8e",
        "type": "github"
      },
      "original": {
        "owner": "pinpox",
        "repo": "rawji",
        "rev": "02cb559bb1555b3f77e4b246cad06c44cff56c8e",
        "type": "github"
      }
    },
    "root": {
      "inputs": {
        "nixpkgs": "nixpkgs",
        "rawji-src": "rawji-src"
      }
    }
  },
  "root": "root",
  "version": 7
}
