{
  "nodes": {
    "nixpkgs": {
      "locked": {
        "lastModified": 1784356753,
        "narHash": "sha256-12KrbMiWLcf8m7pCvAtZh1ZrgF85ZXDXvfR/fWTKy84=",
        "owner": "NixOS",
        "repo": "nixpkgs",
        "rev": "61b7c44c4073f0b827768aff0049561b5110ea5a",
        "type": "github"
      },
      "original": {
        "owner": "NixOS",
        "ref": "nixos-unstable",
        "repo": "nixpkgs",
        "type": "github"
      }
    },
    "rawji-src": {
      "flake": false,
      "locked": {
        "lastModified": 1789713332,
        "narHash": "sha256-Ab4jVY0xjChfY2NX6s4r5vMwbdbQtbuJwz6iXoN+F4s=",
        "owner": "pinpox",
        "repo": "rawji",
        "rev": "3b68b9c7ba23f2bef1cd9203652035a980eca1f7",
        "type": "github"
      },
      "original": {
        "owner": "pinpox",
        "repo": "rawji",
        "rev": "3b68b9c7ba23f2bef1cd9203652035a980eca1f7",
        "type": "github"
      }
    },
    "root": {
      "inputs": {
        "nixpkgs": "nixpkgs",
        "rawji-src": "rawji-src"
      }
    }
  },
  "root": "root",
  "version": 7
}
